{
  "name": "pixi",
  "version": "1.0.0",
  "lockfileVersion": 1,
  "requires": true,
  "dependencies": {
    "pixi-spine": {
      "version": "2.1.14",
      "resolved": "https://registry.npmjs.org/pixi-spine/-/pixi-spine-2.1.14.tgz",
      "integrity": "sha512-COpV+3Qn5QBXf8buafJ4RQEdEzmL5edOiIEp/x2i/TCRfMf0N/c/SdmOdBRqPYFggaXFe/4k/N2/8TPi/EnjZA=="
    },
    "pixi-tween": {
      "version": "0.2.0",
      "resolved": "https://registry.npmjs.org/pixi-tween/-/pixi-tween-0.2.0.tgz",
      "integrity": "sha1-kLqSloPSf3/IyJtRGDoTB6kcdL0="
    }
  }
}
